
Microsoft Visual Studio Solution File, Format Version 12.00
# Visual Studio Version 16
VisualStudioVersion = 16.0.30907.101
MinimumVisualStudioVersion = 10.0.40219.1
Project("{FAE04EC0-301F-11D3-BF4B-00C04F79EFBC}") = "PreContractSOAP", "PreContractSOAP\PreContractSOAP.csproj", "{12C7D5CF-0BE6-45C2-8860-1F8D5DAD3261}"
EndProject
Global
	GlobalSection(SolutionConfigurationPlatforms) = preSolution
		Debug|Any CPU = Debug|Any CPU
		Release|Any CPU = Release|Any CPU
	EndGlobalSection
	GlobalSection(ProjectConfigurationPlatforms) = postSolution
		{12C7D5CF-0BE6-45C2-8860-1F8D5DAD3261}.Debug|Any CPU.ActiveCfg = Debug|Any CPU
		{12C7D5CF-0BE6-45C2-8860-1F8D5DAD3261}.Debug|Any CPU.Build.0 = Debug|Any CPU
		{12C7D5CF-0BE6-45C2-8860-1F8D5DAD3261}.Release|Any CPU.ActiveCfg = Release|Any CPU
		{12C7D5CF-0BE6-45C2-8860-1F8D5DAD3261}.Release|Any CPU.Build.0 = Release|Any CPU
	EndGlobalSection
	GlobalSection(SolutionProperties) = preSolution
		HideSolutionNode = FALSE
	EndGlobalSection
	GlobalSection(ExtensibilityGlobals) = postSolution
		SolutionGuid = {7C999AFE-4711-44DB-AED5-6237DA7C6AA1}
	EndGlobalSection
EndGlobal
